// !$*UTF8*$!
{
	archiveVersion = 1;
	classes = {
	};
	objectVersion = 46;
	objects = {

/* Begin PBXBuildFile section */
		26B6AD181DBDF8E70037B951 /* main.m in Sources */ = {isa = PBXBuildFile; fileRef = 26B6AD171DBDF8E70037B951 /* main.m */; };
		26B6AD1B1DBDF8E70037B951 /* AppDelegate.m in Sources */ = {isa = PBXBuildFile; fileRef = 26B6AD1A1DBDF8E70037B951 /* AppDelegate.m */; };
		26B6AD1E1DBDF8E70037B951 /* ViewController.m in Sources */ = {isa = PBXBuildFile; fileRef = 26B6AD1D1DBDF8E70037B951 /* ViewController.m */; };
		26B6AD211DBDF8E80037B951 /* Main.storyboard in Resources */ = {isa = PBXBuildFile; fileRef = 26B6AD1F1DBDF8E80037B951 /* Main.storyboard */; };
		26B6AD231DBDF8E80037B951 /* Assets.xcassets in Resources */ = {isa = PBXBuildFile; fileRef = 26B6AD221DBDF8E80037B951 /* Assets.xcassets */; };
		26B6AD261DBDF8E80037B951 /* LaunchScreen.storyboard in Resources */ = {isa = PBXBuildFile; fileRef = 26B6AD241DBDF8E80037B951 /* LaunchScreen.storyboard */; };
		26B6AD311DBDF8E80037B951 /* _2UIButtonTests.m in Sources */ = {isa = PBXBuildFile; fileRef = 26B6AD301DBDF8E80037B951 /* _2UIButtonTests.m */; };
		26B6AD3C1DBDF8E80037B951 /* _2UIButtonUITests.m in Sources */ = {isa = PBXBuildFile; fileRef = 26B6AD3B1DBDF8E80037B951 /* _2UIButtonUITests.m */; };
/* End PBXBuildFile section */

/* Begin PBXContainerItemProxy section */
		26B6AD2D1DBDF8E80037B951 /* PBXContainerItemProxy */ = {
			isa = PBXContainerItemProxy;
			containerPortal = 26B6AD0B1DBDF8E70037B951 /* Project object */;
			proxyType = 1;
			remoteGlobalIDString = 26B6AD121DBDF8E70037B951;
			remoteInfo = 02UIButton;
		};
		26B6AD381DBDF8E80037B951 /* PBXContainerItemProxy */ = {
			isa = PBXContainerItemProxy;
			containerPortal = 26B6AD0B1DBDF8E70037B951 /* Project object */;
			proxyType = 1;
			remoteGlobalIDString = 26B6AD121DBDF8E70037B951;
			remoteInfo = 02UIButton;
		};
/* End PBXContainerItemProxy section */

/* Begin PBXFileReference section */
		26B6AD131DBDF8E70037B951 /* 03-4UIButton.app */ = {isa = PBXFileReference; explicitFileType = wrapper.application; includeInIndex = 0; path = "03-4UIButton.app"; sourceTree = BUILT_PRODUCTS_DIR; };
		26B6AD171DBDF8E70037B951 /* main.m */ = {isa = PBXFileReference; lastKnownFileType = sourcecode.c.objc; path = main.m; sourceTree = "<group>"; };
		26B6AD191DBDF8E70037B951 /* AppDelegate.h */ = {isa = PBXFileReference; lastKnownFileType = sourcecode.c.h; path = AppDelegate.h; sourceTree = "<group>"; };
		26B6AD1A1DBDF8E70037B951 /* AppDelegate.m */ = {isa = PBXFileReference; lastKnownFileType = sourcecode.c.objc; path = AppDelegate.m; sourceTree = "<group>"; };
		26B6AD1C1DBDF8E70037B951 /* ViewController.h */ = {isa = PBXFileReference; lastKnownFileType = sourcecode.c.h; path = ViewController.h; sourceTree = "<group>"; };
		26B6AD1D1DBDF8E70037B951 /* ViewController.m */ = {isa = PBXFileReference; lastKnownFileType = sourcecode.c.objc; path = ViewController.m; sourceTree = "<group>"; };
		26B6AD201DBDF8E80037B951 /* Base */ = {isa = PBXFileReference; lastKnownFileType = file.storyboard; name = Base; path = Base.lproj/Main.storyboard; sourceTree = "<group>"; };
		26B6AD221DBDF8E80037B951 /* Assets.xcassets */ = {isa = PBXFileReference; lastKnownFileType = folder.assetcatalog; path = Assets.xcassets; sourceTree = "<group>"; };
		26B6AD251DBDF8E80037B951 /* Base */ = {isa = PBXFileReference; lastKnownFileType = file.storyboard; name = Base; path = Base.lproj/LaunchScreen.storyboard; sourceTree = "<group>"; };
		26B6AD271DBDF8E80037B951 /* Info.plist */ = {isa = PBXFileReference; lastKnownFileType = text.plist.xml; path = Info.plist; sourceTree = "<group>"; };
		26B6AD2C1DBDF8E80037B951 /* 03-4UIButton.xctest */ = {isa = PBXFileReference; explicitFileType = wrapper.cfbundle; includeInIndex = 0; path = "03-4UIButton.xctest"; sourceTree = BUILT_PRODUCTS_DIR; };
		26B6AD301DBDF8E80037B951 /* _2UIButtonTests.m */ = {isa = PBXFileReference; lastKnownFileType = sourcecode.c.objc; path = _2UIButtonTests.m; sourceTree = "<group>"; };
		26B6AD321DBDF8E80037B951 /* Info.plist */ = {isa = PBXFileReference; lastKnownFileType = text.plist.xml; path = Info.plist; sourceTree = "<group>"; };
		26B6AD371DBDF8E80037B951 /* 03-4UIButton.xctest */ = {isa = PBXFileReference; explicitFileType = wrapper.cfbundle; includeInIndex = 0; path = "03-4UIButton.xctest"; sourceTree = BUILT_PRODUCTS_DIR; };
		26B6AD3B1DBDF8E80037B951 /* _2UIButtonUITests.m */ = {isa = PBXFileReference; lastKnownFileType = sourcecode.c.objc; path = _2UIButtonUITests.m; sourceTree = "<group>"; };
		26B6AD3D1DBDF8E80037B951 /* Info.plist */ = {isa = PBXFileReference; lastKnownFileType = text.plist.xml; path = Info.plist; sourceTree = "<group>"; };
/* End PBXFileReference section */

/* Begin PBXFrameworksBuildPhase section */
		26B6AD101DBDF8E70037B951 /* Frameworks */ = {
			isa = PBXFrameworksBuildPhase;
			buildActionMask = 2147483647;
			files = (
			);
			runOnlyForDeploymentPostprocessing = 0;
		};
		26B6AD291DBDF8E80037B951 /* Frameworks */ = {
			isa = PBXFrameworksBuildPhase;
			buildActionMask = 2147483647;
			files = (
			);
			runOnlyForDeploymentPostprocessing = 0;
		};
		26B6AD341DBDF8E80037B951 /* Frameworks */ = {
			isa = PBXFrameworksBuildPhase;
			buildActionMask = 2147483647;
			files = (
			);
			runOnlyForDeploymentPostprocessing = 0;
		};
/* End PBXFrameworksBuildPhase section */

/* Begin PBXGroup section */
		26B6AD0A1DBDF8E70037B951 = {
			isa = PBXGroup;
			children = (
				26B6AD151DBDF8E70037B951 /* 03-4UIButton */,
				26B6AD2F1DBDF8E80037B951 /* 03-4UIButtonTests */,
				26B6AD3A1DBDF8E80037B951 /* 03-4UIButtonUITests */,
				26B6AD141DBDF8E70037B951 /* Products */,
			);
			sourceTree = "<group>";
		};
		26B6AD141DBDF8E70037B951 /* Products */ = {
			isa = PBXGroup;
			children = (
				26B6AD131DBDF8E70037B951 /* 03-4UIButton.app */,
				26B6AD2C1DBDF8E80037B951 /* 03-4UIButton.xctest */,
				26B6AD371DBDF8E80037B951 /* 03-4UIButton.xctest */,
			);
			name = Products;
			sourceTree = "<group>";
		};
		26B6AD151DBDF8E70037B951 /* 03-4UIButton */ = {
			isa = PBXGroup;
			children = (
				26B6AD191DBDF8E70037B951 /* AppDelegate.h */,
				26B6AD1A1DBDF8E70037B951 /* AppDelegate.m */,
				26B6AD1C1DBDF8E70037B951 /* ViewController.h */,
				26B6AD1D1DBDF8E70037B951 /* ViewController.m */,
				26B6AD1F1DBDF8E80037B951 /* Main.storyboard */,
				26B6AD221DBDF8E80037B951 /* Assets.xcassets */,
				26B6AD241DBDF8E80037B951 /* LaunchScreen.storyboard */,
				26B6AD271DBDF8E80037B951 /* Info.plist */,
				26B6AD161DBDF8E70037B951 /* Supporting Files */,
			);
			name = "03-4UIButton";
			path = 02UIButton;
			sourceTree = "<group>";
		};
		26B6AD161DBDF8E70037B951 /* Supporting Files */ = {
			isa = PBXGroup;
			children = (
				26B6AD171DBDF8E70037B951 /* main.m */,
			);
			name = "Supporting Files";
			sourceTree = "<group>";
		};
		26B6AD2F1DBDF8E80037B951 /* 03-4UIButtonTests */ = {
			isa = PBXGroup;
			children = (
				26B6AD301DBDF8E80037B951 /* _2UIButtonTests.m */,
				26B6AD321DBDF8E80037B951 /* Info.plist */,
			);
			name = "03-4UIButtonTests";
			path = 02UIButtonTests;
			sourceTree = "<group>";
		};
		26B6AD3A1DBDF8E80037B951 /* 03-4UIButtonUITests */ = {
			isa = PBXGroup;
			children = (
				26B6AD3B1DBDF8E80037B951 /* _2UIButtonUITests.m */,
				26B6AD3D1DBDF8E80037B951 /* Info.plist */,
			);
			name = "03-4UIButtonUITests";
			path = 02UIButtonUITests;
			sourceTree = "<group>";
		};
/* End PBXGroup section */

/* Begin PBXNativeTarget section */
		26B6AD121DBDF8E70037B951 /* 03-4UIButton */ = {
			isa = PBXNativeTarget;
			buildConfigurationList = 26B6AD401DBDF8E80037B951 /* Build configuration list for PBXNativeTarget "03-4UIButton" */;
			buildPhases = (
				26B6AD0F1DBDF8E70037B951 /* Sources */,
				26B6AD101DBDF8E70037B951 /* Frameworks */,
				26B6AD111DBDF8E70037B951 /* Resources */,
			);
			buildRules = (
			);
			dependencies = (
			);
			name = "03-4UIButton";
			productName = 02UIButton;
			productReference = 26B6AD131DBDF8E70037B951 /* 03-4UIButton.app */;
			productType = "com.apple.product-type.application";
		};
		26B6AD2B1DBDF8E80037B951 /* 03-4UIButtonTests */ = {
			isa = PBXNativeTarget;
			buildConfigurationList = 26B6AD431DBDF8E80037B951 /* Build configuration list for PBXNativeTarget "03-4UIButtonTests" */;
			buildPhases = (
				26B6AD281DBDF8E80037B951 /* Sources */,
				26B6AD291DBDF8E80037B951 /* Frameworks */,
				26B6AD2A1DBDF8E80037B951 /* Resources */,
			);
			buildRules = (
			);
			dependencies = (
				26B6AD2E1DBDF8E80037B951 /* PBXTargetDependency */,
			);
			name = "03-4UIButtonTests";
			productName = 02UIButtonTests;
			productReference = 26B6AD2C1DBDF8E80037B951 /* 03-4UIButton.xctest */;
			productType = "com.apple.product-type.bundle.unit-test";
		};
		26B6AD361DBDF8E80037B951 /* 03-4UIButtonUITests */ = {
			isa = PBXNativeTarget;
			buildConfigurationList = 26B6AD461DBDF8E80037B951 /* Build configuration list for PBXNativeTarget "03-4UIButtonUITests" */;
			buildPhases = (
				26B6AD331DBDF8E80037B951 /* Sources */,
				26B6AD341DBDF8E80037B951 /* Frameworks */,
				26B6AD351DBDF8E80037B951 /* Resources */,
			);
			buildRules = (
			);
			dependencies = (
				26B6AD391DBDF8E80037B951 /* PBXTargetDependency */,
			);
			name = "03-4UIButtonUITests";
			productName = 02UIButtonUITests;
			productReference = 26B6AD371DBDF8E80037B951 /* 03-4UIButton.xctest */;
			productType = "com.apple.product-type.bundle.ui-testing";
		};
/* End PBXNativeTarget section */

/* Begin PBXProject section */
		26B6AD0B1DBDF8E70037B951 /* Project object */ = {
			isa = PBXProject;
			attributes = {
				LastUpgradeCheck = 0720;
				ORGANIZATIONNAME = Lorain_Lynies;
				TargetAttributes = {
					26B6AD121DBDF8E70037B951 = {
						CreatedOnToolsVersion = 7.2.1;
					};
					26B6AD2B1DBDF8E80037B951 = {
						CreatedOnToolsVersion = 7.2.1;
						TestTargetID = 26B6AD121DBDF8E70037B951;
					};
					26B6AD361DBDF8E80037B951 = {
						CreatedOnToolsVersion = 7.2.1;
						TestTargetID = 26B6AD121DBDF8E70037B951;
					};
				};
			};
			buildConfigurationList = 26B6AD0E1DBDF8E70037B951 /* Build configuration list for PBXProject "03-4UIButton" */;
			compatibilityVersion = "Xcode 3.2";
			developmentRegion = English;
			hasScannedForEncodings = 0;
			knownRegions = (
				en,
				Base,
			);
			mainGroup = 26B6AD0A1DBDF8E70037B951;
			productRefGroup = 26B6AD141DBDF8E70037B951 /* Products */;
			projectDirPath = "";
			projectRoot = "";
			targets = (
				26B6AD121DBDF8E70037B951 /* 03-4UIButton */,
				26B6AD2B1DBDF8E80037B951 /* 03-4UIButtonTests */,
				26B6AD361DBDF8E80037B951 /* 03-4UIButtonUITests */,
			);
		};
/* End PBXProject section */

/* Begin PBXResourcesBuildPhase section */
		26B6AD111DBDF8E70037B951 /* Resources */ = {
			isa = PBXResourcesBuildPhase;
			buildActionMask = 2147483647;
			files = (
				26B6AD261DBDF8E80037B951 /* LaunchScreen.storyboard in Resources */,
				26B6AD231DBDF8E80037B951 /* Assets.xcassets in Resources */,
				26B6AD211DBDF8E80037B951 /* Main.storyboard in Resources */,
			);
			runOnlyForDeploymentPostprocessing = 0;
		};
		26B6AD2A1DBDF8E80037B951 /* Resources */ = {
			isa = PBXResourcesBuildPhase;
			buildActionMask = 2147483647;
			files = (
			);
			runOnlyForDeploymentPostprocessing = 0;
		};
		26B6AD351DBDF8E80037B951 /* Resources */ = {
			isa = PBXResourcesBuildPhase;
			buildActionMask = 2147483647;
			files = (
			);
			runOnlyForDeploymentPostprocessing = 0;
		};
/* End PBXResourcesBuildPhase section */

/* Begin PBXSourcesBuildPhase section */
		26B6AD0F1DBDF8E70037B951 /* Sources */ = {
			isa = PBXSourcesBuildPhase;
			buildActionMask = 2147483647;
			files = (
				26B6AD1E1DBDF8E70037B951 /* ViewController.m in Sources */,
				26B6AD1B1DBDF8E70037B951 /* AppDelegate.m in Sources */,
				26B6AD181DBDF8E70037B951 /* main.m in Sources */,
			);
			runOnlyForDeploymentPostprocessing = 0;
		};
		26B6AD281DBDF8E80037B951 /* Sources */ = {
			isa = PBXSourcesBuildPhase;
			buildActionMask = 2147483647;
			files = (
				26B6AD311DBDF8E80037B951 /* _2UIButtonTests.m in Sources */,
			);
			runOnlyForDeploymentPostprocessing = 0;
		};
		26B6AD331DBDF8E80037B951 /* Sources */ = {
			isa = PBXSourcesBuildPhase;
			buildActionMask = 2147483647;
			files = (
				26B6AD3C1DBDF8E80037B951 /* _2UIButtonUITests.m in Sources */,
			);
			runOnlyForDeploymentPostprocessing = 0;
		};
/* End PBXSourcesBuildPhase section */

/* Begin PBXTargetDependency section */
		26B6AD2E1DBDF8E80037B951 /* PBXTargetDependency */ = {
			isa = PBXTargetDependency;
			target = 26B6AD121DBDF8E70037B951 /* 03-4UIButton */;
			targetProxy = 26B6AD2D1DBDF8E80037B951 /* PBXContainerItemProxy */;
		};
		26B6AD391DBDF8E80037B951 /* PBXTargetDependency */ = {
			isa = PBXTargetDependency;
			target = 26B6AD121DBDF8E70037B951 /* 03-4UIButton */;
			targetProxy = 26B6AD381DBDF8E80037B951 /* PBXContainerItemProxy */;
		};
/* End PBXTargetDependency section */

/* Begin PBXVariantGroup section */
		26B6AD1F1DBDF8E80037B951 /* Main.storyboard */ = {
			isa = PBXVariantGroup;
			children = (
				26B6AD201DBDF8E80037B951 /* Base */,
			);
			name = Main.storyboard;
			sourceTree = "<group>";
		};
		26B6AD241DBDF8E80037B951 /* LaunchScreen.storyboard */ = {
			isa = PBXVariantGroup;
			children = (
				26B6AD251DBDF8E80037B951 /* Base */,
			);
			name = LaunchScreen.storyboard;
			sourceTree = "<group>";
		};
/* End PBXVariantGroup section */

/* Begin XCBuildConfiguration section */
		26B6AD3E1DBDF8E80037B951 /* Debug */ = {
			isa = XCBuildConfiguration;
			buildSettings = {
				ALWAYS_SEARCH_USER_PATHS = NO;
				CLANG_CXX_LANGUAGE_STANDARD = "gnu++0x";
				CLANG_CXX_LIBRARY = "libc++";
				CLANG_ENABLE_MODULES = YES;
				CLANG_ENABLE_OBJC_ARC = YES;
				CLANG_WARN_BOOL_CONVERSION = YES;
				CLANG_WARN_CONSTANT_CONVERSION = YES;
				CLANG_WARN_DIRECT_OBJC_ISA_USAGE = YES_ERROR;
				CLANG_WARN_EMPTY_BODY = YES;
				CLANG_WARN_ENUM_CONVERSION = YES;
				CLANG_WARN_INT_CONVERSION = YES;
				CLANG_WARN_OBJC_ROOT_CLASS = YES_ERROR;
				CLANG_WARN_UNREACHABLE_CODE = YES;
				CLANG_WARN__DUPLICATE_METHOD_MATCH = YES;
				"CODE_SIGN_IDENTITY[sdk=iphoneos*]" = "iPhone Developer";
				COPY_PHASE_STRIP = NO;
				DEBUG_INFORMATION_FORMAT = dwarf;
				ENABLE_STRICT_OBJC_MSGSEND = YES;
				ENABLE_TESTABILITY = YES;
				GCC_C_LANGUAGE_STANDARD = gnu99;
				GCC_DYNAMIC_NO_PIC = NO;
				GCC_NO_COMMON_BLOCKS = YES;
				GCC_OPTIMIZATION_LEVEL = 0;
				GCC_PREPROCESSOR_DEFINITIONS = (
					"DEBUG=1",
					"$(inherited)",
				);
				GCC_WARN_64_TO_32_BIT_CONVERSION = YES;
				GCC_WARN_ABOUT_RETURN_TYPE = YES_ERROR;
				GCC_WARN_UNDECLARED_SELECTOR = YES;
				GCC_WARN_UNINITIALIZED_AUTOS = YES_AGGRESSIVE;
				GCC_WARN_UNUSED_FUNCTION = YES;
				GCC_WARN_UNUSED_VARIABLE = YES;
				IPHONEOS_DEPLOYMENT_TARGET = 9.2;
				MTL_ENABLE_DEBUG_INFO = YES;
				ONLY_ACTIVE_ARCH = YES;
				SDKROOT = iphoneos;
			};
			name = Debug;
		};
		26B6AD3F1DBDF8E80037B951 /* Release */ = {
			isa = XCBuildConfiguration;
			buildSettings = {
				ALWAYS_SEARCH_USER_PATHS = NO;
				CLANG_CXX_LANGUAGE_STANDARD = "gnu++0x";
				CLANG_CXX_LIBRARY = "libc++";
				CLANG_ENABLE_MODULES = YES;
				CLANG_ENABLE_OBJC_ARC = YES;
				CLANG_WARN_BOOL_CONVERSION = YES;
				CLANG_WARN_CONSTANT_CONVERSION = YES;
				CLANG_WARN_DIRECT_OBJC_ISA_USAGE = YES_ERROR;
				CLANG_WARN_EMPTY_BODY = YES;
				CLANG_WARN_ENUM_CONVERSION = YES;
				CLANG_WARN_INT_CONVERSION = YES;
				CLANG_WARN_OBJC_ROOT_CLASS = YES_ERROR;
				CLANG_WARN_UNREACHABLE_CODE = YES;
				CLANG_WARN__DUPLICATE_METHOD_MATCH = YES;
				"CODE_SIGN_IDENTITY[sdk=iphoneos*]" = "iPhone Developer";
				COPY_PHASE_STRIP = NO;
				DEBUG_INFORMATION_FORMAT = "dwarf-with-dsym";
				ENABLE_NS_ASSERTIONS = NO;
				ENABLE_STRICT_OBJC_MSGSEND = YES;
				GCC_C_LANGUAGE_STANDARD = gnu99;
				GCC_NO_COMMON_BLOCKS = YES;
				GCC_WARN_64_TO_32_BIT_CONVERSION = YES;
				GCC_WARN_ABOUT_RETURN_TYPE = YES_ERROR;
				GCC_WARN_UNDECLARED_SELECTOR = YES;
				GCC_WARN_UNINITIALIZED_AUTOS = YES_AGGRESSIVE;
				GCC_WARN_UNUSED_FUNCTION = YES;
				GCC_WARN_UNUSED_VARIABLE = YES;
				IPHONEOS_DEPLOYMENT_TARGET = 9.2;
				MTL_ENABLE_DEBUG_INFO = NO;
				SDKROOT = iphoneos;
				VALIDATE_PRODUCT = YES;
			};
			name = Release;
		};
		26B6AD411DBDF8E80037B951 /* Debug */ = {
			isa = XCBuildConfiguration;
			buildSettings = {
				ASSETCATALOG_COMPILER_APPICON_NAME = AppIcon;
				INFOPLIST_FILE = 02UIButton/Info.plist;
				LD_RUNPATH_SEARCH_PATHS = "$(inherited) @executable_path/Frameworks";
				PRODUCT_BUNDLE_IDENTIFIER = "com.lorainlynies.-2UIButton";
				PRODUCT_NAME = "03-4UIButton";
			};
			name = Debug;
		};
		26B6AD421DBDF8E80037B951 /* Release */ = {
			isa = XCBuildConfiguration;
			buildSettings = {
				ASSETCATALOG_COMPILER_APPICON_NAME = AppIcon;
				INFOPLIST_FILE = 02UIButton/Info.plist;
				LD_RUNPATH_SEARCH_PATHS = "$(inherited) @executable_path/Frameworks";
				PRODUCT_BUNDLE_IDENTIFIER = "com.lorainlynies.-2UIButton";
				PRODUCT_NAME = "03-4UIButton";
			};
			name = Release;
		};
		26B6AD441DBDF8E80037B951 /* Debug */ = {
			isa = XCBuildConfiguration;
			buildSettings = {
				BUNDLE_LOADER = "$(TEST_HOST)";
				INFOPLIST_FILE = 02UIButtonTests/Info.plist;
				LD_RUNPATH_SEARCH_PATHS = "$(inherited) @executable_path/Frameworks @loader_path/Frameworks";
				PRODUCT_BUNDLE_IDENTIFIER = "com.lorainlynies.-2UIButtonTests";
				PRODUCT_NAME = "03-4UIButton";
				TEST_HOST = "$(BUILT_PRODUCTS_DIR)/03-4UIButton.app/03-4UIButton";
			};
			name = Debug;
		};
		26B6AD451DBDF8E80037B951 /* Release */ = {
			isa = XCBuildConfiguration;
			buildSettings = {
				BUNDLE_LOADER = "$(TEST_HOST)";
				INFOPLIST_FILE = 02UIButtonTests/Info.plist;
				LD_RUNPATH_SEARCH_PATHS = "$(inherited) @executable_path/Frameworks @loader_path/Frameworks";
				PRODUCT_BUNDLE_IDENTIFIER = "com.lorainlynies.-2UIButtonTests";
				PRODUCT_NAME = "03-4UIButton";
				TEST_HOST = "$(BUILT_PRODUCTS_DIR)/03-4UIButton.app/03-4UIButton";
			};
			name = Release;
		};
		26B6AD471DBDF8E80037B951 /* Debug */ = {
			isa = XCBuildConfiguration;
			buildSettings = {
				INFOPLIST_FILE = 02UIButtonUITests/Info.plist;
				LD_RUNPATH_SEARCH_PATHS = "$(inherited) @executable_path/Frameworks @loader_path/Frameworks";
				PRODUCT_BUNDLE_IDENTIFIER = "com.lorainlynies.-2UIButtonUITests";
				PRODUCT_NAME = "03-4UIButton";
				TEST_TARGET_NAME = 02UIButton;
				USES_XCTRUNNER = YES;
			};
			name = Debug;
		};
		26B6AD481DBDF8E80037B951 /* Release */ = {
			isa = XCBuildConfiguration;
			buildSettings = {
				INFOPLIST_FILE = 02UIButtonUITests/Info.plist;
				LD_RUNPATH_SEARCH_PATHS = "$(inherited) @executable_path/Frameworks @loader_path/Frameworks";
				PRODUCT_BUNDLE_IDENTIFIER = "com.lorainlynies.-2UIButtonUITests";
				PRODUCT_NAME = "03-4UIButton";
				TEST_TARGET_NAME = 02UIButton;
				USES_XCTRUNNER = YES;
			};
			name = Release;
		};
/* End XCBuildConfiguration section */

/* Begin XCConfigurationList section */
		26B6AD0E1DBDF8E70037B951 /* Build configuration list for PBXProject "03-4UIButton" */ = {
			isa = XCConfigurationList;
			buildConfigurations = (
				26B6AD3E1DBDF8E80037B951 /* Debug */,
				26B6AD3F1DBDF8E80037B951 /* Release */,
			);
			defaultConfigurationIsVisible = 0;
			defaultConfigurationName = Release;
		};
		26B6AD401DBDF8E80037B951 /* Build configuration list for PBXNativeTarget "03-4UIButton" */ = {
			isa = XCConfigurationList;
			buildConfigurations = (
				26B6AD411DBDF8E80037B951 /* Debug */,
				26B6AD421DBDF8E80037B951 /* Release */,
			);
			defaultConfigurationIsVisible = 0;
			defaultConfigurationName = Release;
		};
		26B6AD431DBDF8E80037B951 /* Build configuration list for PBXNativeTarget "03-4UIButtonTests" */ = {
			isa = XCConfigurationList;
			buildConfigurations = (
				26B6AD441DBDF8E80037B951 /* Debug */,
				26B6AD451DBDF8E80037B951 /* Release */,
			);
			defaultConfigurationIsVisible = 0;
			defaultConfigurationName = Release;
		};
		26B6AD461DBDF8E80037B951 /* Build configuration list for PBXNativeTarget "03-4UIButtonUITests" */ = {
			isa = XCConfigurationList;
			buildConfigurations = (
				26B6AD471DBDF8E80037B951 /* Debug */,
				26B6AD481DBDF8E80037B951 /* Release */,
			);
			defaultConfigurationIsVisible = 0;
			defaultConfigurationName = Release;
		};
/* End XCConfigurationList section */
	};
	rootObject = 26B6AD0B1DBDF8E70037B951 /* Project object */;
}
